
Microsoft Visual Studio Solution File, Format Version 12.00
# Visual Studio Version 16
VisualStudioVersion = 16.0.30225.117
MinimumVisualStudioVersion = 10.0.40219.1
Project("{FAE04EC0-301F-11D3-BF4B-00C04F79EFBC}") = "MyProject", "MyProject.csproj", "{EEB3BD12-F3AF-4C79-B306-A868F79AAE79}"
EndProject
Project("{FAE04EC0-301F-11D3-BF4B-00C04F79EFBC}") = "UnitTestProject1", "..\UnitTestProject1\UnitTestProject1.csproj", "{5F4D43D4-875B-4B75-B187-AB6DE9D8C74B}"
EndProject
Global
	GlobalSection(SolutionConfigurationPlatforms) = preSolution
		Debug|Any CPU = Debug|Any CPU
		Release|Any CPU = Release|Any CPU
	EndGlobalSection
	GlobalSection(ProjectConfigurationPlatforms) = postSolution
		{EEB3BD12-F3AF-4C79-B306-A868F79AAE79}.Debug|Any CPU.ActiveCfg = Debug|Any CPU
		{EEB3BD12-F3AF-4C79-B306-A868F79AAE79}.Debug|Any CPU.Build.0 = Debug|Any CPU
		{EEB3BD12-F3AF-4C79-B306-A868F79AAE79}.Release|Any CPU.ActiveCfg = Release|Any CPU
		{EEB3BD12-F3AF-4C79-B306-A868F79AAE79}.Release|Any CPU.Build.0 = Release|Any CPU
		{5F4D43D4-875B-4B75-B187-AB6DE9D8C74B}.Debug|Any CPU.ActiveCfg = Debug|Any CPU
		{5F4D43D4-875B-4B75-B187-AB6DE9D8C74B}.Debug|Any CPU.Build.0 = Debug|Any CPU
		{5F4D43D4-875B-4B75-B187-AB6DE9D8C74B}.Release|Any CPU.ActiveCfg = Release|Any CPU
		{5F4D43D4-875B-4B75-B187-AB6DE9D8C74B}.Release|Any CPU.Build.0 = Release|Any CPU
	EndGlobalSection
	GlobalSection(SolutionProperties) = preSolution
		HideSolutionNode = FALSE
	EndGlobalSection
	GlobalSection(ExtensibilityGlobals) = postSolution
		SolutionGuid = {542B041F-1F74-4541-B823-C34E8C3C8863}
	EndGlobalSection
EndGlobal
